<?xml version="1.0" encoding="utf-8"?>
<Project ToolsVersion="4.0" xmlns="http://schemas.microsoft.com/developer/msbuild/2003">
  <ItemGroup>
    <Filter Include="源文件">
      <UniqueIdentifier>{4FC737F1-C7A5-4376-A066-2A32D752A2FF}</UniqueIdentifier>
      <Extensions>cpp;c;cc;cxx;def;odl;idl;hpj;bat;asm;asmx</Extensions>
    </Filter>
    <Filter Include="头文件">
      <UniqueIdentifier>{93995380-89BD-4b04-88EB-625FBE52EBFB}</UniqueIdentifier>
      <Extensions>h;hpp;hxx;hm;inl;inc;xsd</Extensions>
    </Filter>
    <Filter Include="资源文件">
      <UniqueIdentifier>{67DA6AB6-F800-4c08-8B7A-83BB121AAD01}</UniqueIdentifier>
      <Extensions>rc;ico;cur;bmp;dlg;rc2;rct;bin;rgs;gif;jpg;jpeg;jpe;resx;tiff;tif;png;wav;mfcribbon-ms</Extensions>
    </Filter>
  </ItemGroup>
  <ItemGroup>
    <ClInclude Include="im_compress.h">
      <Filter>头文件</Filter>
    </ClInclude>
    <ClInclude Include="source\jchuff.h">
      <Filter>头文件</Filter>
    </ClInclude>
    <ClInclude Include="source\jconfig.h">
      <Filter>头文件</Filter>
    </ClInclude>
    <ClInclude Include="source\jdct.h">
      <Filter>头文件</Filter>
    </ClInclude>
    <ClInclude Include="source\jdhuff.h">
      <Filter>头文件</Filter>
    </ClInclude>
    <ClInclude Include="source\jerror.h">
      <Filter>头文件</Filter>
    </ClInclude>
    <ClInclude Include="source\jinclude.h">
      <Filter>头文件</Filter>
    </ClInclude>
    <ClInclude Include="source\jmemsys.h">
      <Filter>头文件</Filter>
    </ClInclude>
    <ClInclude Include="source\jmorecfg.h">
      <Filter>头文件</Filter>
    </ClInclude>
    <ClInclude Include="source\jpegint.h">
      <Filter>头文件</Filter>
    </ClInclude>
    <ClInclude Include="source\jpeglib.h">
      <Filter>头文件</Filter>
    </ClInclude>
    <ClInclude Include="source\jversion.h">
      <Filter>头文件</Filter>
    </ClInclude>
  </ItemGroup>
  <ItemGroup>
    <ClCompile Include="im_compress.cpp">
      <Filter>源文件</Filter>
    </ClCompile>
    <ClCompile Include="source\jutils.cpp">
      <Filter>源文件</Filter>
    </ClCompile>
    <ClCompile Include="source\jquant2.cpp">
      <Filter>源文件</Filter>
    </ClCompile>
    <ClCompile Include="source\jquant1.cpp">
      <Filter>源文件</Filter>
    </ClCompile>
    <ClCompile Include="source\jmemnobs.cpp">
      <Filter>源文件</Filter>
    </ClCompile>
    <ClCompile Include="source\jmemmgr.cpp">
      <Filter>源文件</Filter>
    </ClCompile>
    <ClCompile Include="source\jidctred.cpp">
      <Filter>源文件</Filter>
    </ClCompile>
    <ClCompile Include="source\jidctint.cpp">
      <Filter>源文件</Filter>
    </ClCompile>
    <ClCompile Include="source\jidctfst.cpp">
      <Filter>源文件</Filter>
    </ClCompile>
    <ClCompile Include="source\jidctflt.cpp">
      <Filter>源文件</Filter>
    </ClCompile>
    <ClCompile Include="source\jfdctint.cpp">
      <Filter>源文件</Filter>
    </ClCompile>
    <ClCompile Include="source\jfdctfst.cpp">
      <Filter>源文件</Filter>
    </ClCompile>
    <ClCompile Include="source\jfdctflt.cpp">
      <Filter>源文件</Filter>
    </ClCompile>
    <ClCompile Include="source\jerror.cpp">
      <Filter>源文件</Filter>
    </ClCompile>
    <ClCompile Include="source\jdtrans.cpp">
      <Filter>源文件</Filter>
    </ClCompile>
    <ClCompile Include="source\jdsample.cpp">
      <Filter>源文件</Filter>
    </ClCompile>
    <ClCompile Include="source\jdpostct.cpp">
      <Filter>源文件</Filter>
    </ClCompile>
    <ClCompile Include="source\jdphuff.cpp">
      <Filter>源文件</Filter>
    </ClCompile>
    <ClCompile Include="source\jdmerge.cpp">
      <Filter>源文件</Filter>
    </ClCompile>
    <ClCompile Include="source\jdmaster.cpp">
      <Filter>源文件</Filter>
    </ClCompile>
    <ClCompile Include="source\jdmarker.cpp">
      <Filter>源文件</Filter>
    </ClCompile>
    <ClCompile Include="source\jdmainct.cpp">
      <Filter>源文件</Filter>
    </ClCompile>
    <ClCompile Include="source\jdinput.cpp">
      <Filter>源文件</Filter>
    </ClCompile>
    <ClCompile Include="source\jdhuff.cpp">
      <Filter>源文件</Filter>
    </ClCompile>
    <ClCompile Include="source\jddctmgr.cpp">
      <Filter>源文件</Filter>
    </ClCompile>
    <ClCompile Include="source\jdcolor.cpp">
      <Filter>源文件</Filter>
    </ClCompile>
    <ClCompile Include="source\jdcoefct.cpp">
      <Filter>源文件</Filter>
    </ClCompile>
    <ClCompile Include="source\jdatasrc.cpp">
      <Filter>源文件</Filter>
    </ClCompile>
    <ClCompile Include="source\jdatadst.cpp">
      <Filter>源文件</Filter>
    </ClCompile>
    <ClCompile Include="source\jdapistd.cpp">
      <Filter>源文件</Filter>
    </ClCompile>
    <ClCompile Include="source\jdapimin.cpp">
      <Filter>源文件</Filter>
    </ClCompile>
    <ClCompile Include="source\jctrans.cpp">
      <Filter>源文件</Filter>
    </ClCompile>
    <ClCompile Include="source\jcsample.cpp">
      <Filter>源文件</Filter>
    </ClCompile>
    <ClCompile Include="source\jcprepct.cpp">
      <Filter>源文件</Filter>
    </ClCompile>
    <ClCompile Include="source\jcphuff.cpp">
      <Filter>源文件</Filter>
    </ClCompile>
    <ClCompile Include="source\jcparam.cpp">
      <Filter>源文件</Filter>
    </ClCompile>
    <ClCompile Include="source\jcomapi.cpp">
      <Filter>源文件</Filter>
    </ClCompile>
    <ClCompile Include="source\jcmaster.cpp">
      <Filter>源文件</Filter>
    </ClCompile>
    <ClCompile Include="source\jcmarker.cpp">
      <Filter>源文件</Filter>
    </ClCompile>
    <ClCompile Include="source\jcmainct.cpp">
      <Filter>源文件</Filter>
    </ClCompile>
    <ClCompile Include="source\jcinit.cpp">
      <Filter>源文件</Filter>
    </ClCompile>
    <ClCompile Include="source\jchuff.cpp">
      <Filter>源文件</Filter>
    </ClCompile>
    <ClCompile Include="source\jcdctmgr.cpp">
      <Filter>源文件</Filter>
    </ClCompile>
    <ClCompile Include="source\jccolor.cpp">
      <Filter>源文件</Filter>
    </ClCompile>
    <ClCompile Include="source\jccoefct.cpp">
      <Filter>源文件</Filter>
    </ClCompile>
    <ClCompile Include="source\jcapistd.cpp">
      <Filter>源文件</Filter>
    </ClCompile>
    <ClCompile Include="source\jcapimin.cpp">
      <Filter>源文件</Filter>
    </ClCompile>
  </ItemGroup>
  <ItemGroup>
    <None Include="im_compress.def">
      <Filter>源文件</Filter>
    </None>
  </ItemGroup>
</Project>