
Microsoft Visual Studio Solution File, Format Version 9.00
# Visual Studio 2005
Project("{8BC9CEB8-8B4A-11D0-8D11-00A0C91BC942}") = "libjpeg", "libjpeg\libjpeg.vcproj", "{291937F3-8615-464C-8375-9DA2B84CDA1F}"
EndProject
Global
	GlobalSection(SolutionConfigurationPlatforms) = preSolution
		Debug|Win32 = Debug|Win32
		Release|Win32 = Release|Win32
	EndGlobalSection
	GlobalSection(ProjectConfigurationPlatforms) = postSolution
		{291937F3-8615-464C-8375-9DA2B84CDA1F}.Debug|Win32.ActiveCfg = Debug|Win32
		{291937F3-8615-464C-8375-9DA2B84CDA1F}.Debug|Win32.Build.0 = Debug|Win32
		{291937F3-8615-464C-8375-9DA2B84CDA1F}.Release|Win32.ActiveCfg = Release|Win32
		{291937F3-8615-464C-8375-9DA2B84CDA1F}.Release|Win32.Build.0 = Release|Win32
	EndGlobalSection
	GlobalSection(SolutionProperties) = preSolution
		HideSolutionNode = FALSE
	EndGlobalSection
EndGlobal
